%{"decimal": {:hex, :decimal, "1.1.0"},
  "ecto": {:hex, :ecto, "1.0.3"},
  "erlcloud": {:git, "https://github.com/gleber/erlcloud.git", "c52949da88d87915d1d2d0c094ffca97a6ae6509", []},
  "erlport": {:git, "https://github.com/hdima/erlport.git", "4041c0810f798cba9fa528ebca90556f0ae50645", []},
  "httpotion": {:hex, :httpotion, "2.1.0"},
  "ibrowse": {:git, "git://github.com/cmullaparthi/ibrowse.git", "ea3305d21f37eced4fac290f64b068e56df7de80", [tag: "v4.1.2"]},
  "jsx": {:git, "git://github.com/talentdeficit/jsx.git", "3074d4865b3385a050badf7828ad31490d860df5", [ref: "master"]},
  "lhttpc": {:git, "git://github.com/talko/lhttpc", "2d01a5f9c7543b77bdd57f44c92e72801f46e423", [ref: "master"]},
  "mariaex": {:hex, :mariaex, "0.4.3"},
  "meck": {:git, "https://github.com/eproxus/meck.git", "0845277398b8326f9dddddd9fc3cf73467ba6877", [ref: "master"]},
  "mogrify": {:git, "https://github.com/dabit/mogrify.git", "32201ff5b7652fd8883c12f58bac1e8803214b1a", [tag: "elixir_1_1"]},
  "poolboy": {:hex, :poolboy, "1.5.1"}}
